
Microsoft Visual Studio Solution File, Format Version 12.00
# Visual Studio 14
VisualStudioVersion = 14.0.25420.1
MinimumVisualStudioVersion = 10.0.40219.1
Project("{FAE04EC0-301F-11D3-BF4B-00C04F79EFBC}") = "RemoteHome", "RemoteHome\RemoteHome\RemoteHome.csproj", "{77CB84EC-607C-40D0-8431-05DB0C22265B}"
EndProject
Project("{FAE04EC0-301F-11D3-BF4B-00C04F79EFBC}") = "RemoteHome.Droid", "RemoteHome\RemoteHome.Droid\RemoteHome.Droid.csproj", "{5EAB4E17-A31F-4FA9-8985-80667B71C2C3}"
EndProject
Project("{FAE04EC0-301F-11D3-BF4B-00C04F79EFBC}") = "RemoteHomePCL", "RemoteHomePCL\RemoteHomePCL\RemoteHomePCL.csproj", "{6F8C5B64-B9E4-4A0D-8F77-5C6181AE2629}"
EndProject
Project("{2150E333-8FDC-42A3-9474-1A3956D46DE8}") = "Solution Items", "Solution Items", "{4CAC80A4-72CE-4236-B14D-AB40B86AF175}"
	ProjectSection(SolutionItems) = preProject
		..\readme.md = ..\readme.md
		StartingApp.txt = StartingApp.txt
	EndProjectSection
EndProject
Project("{FAE04EC0-301F-11D3-BF4B-00C04F79EFBC}") = "RemoteHomeServerAPI", "RemoteHomeServerAPI\RemoteHomeServerAPI.csproj", "{4B848620-76D2-44E6-9D86-D5A5FFCD8531}"
EndProject
Project("{FAE04EC0-301F-11D3-BF4B-00C04F79EFBC}") = "RemoteHomeServerAPI.Tests", "RemoteHomeServerAPI.Tests\RemoteHomeServerAPI.Tests.csproj", "{046877F9-D619-4D4A-9A9E-19FEB8D8F1FA}"
EndProject
Global
	GlobalSection(SolutionConfigurationPlatforms) = preSolution
		Ad-Hoc|Any CPU = Ad-Hoc|Any CPU
		Ad-Hoc|ARM = Ad-Hoc|ARM
		Ad-Hoc|iPhone = Ad-Hoc|iPhone
		Ad-Hoc|iPhoneSimulator = Ad-Hoc|iPhoneSimulator
		Ad-Hoc|x64 = Ad-Hoc|x64
		Ad-Hoc|x86 = Ad-Hoc|x86
		AppStore|Any CPU = AppStore|Any CPU
		AppStore|ARM = AppStore|ARM
		AppStore|iPhone = AppStore|iPhone
		AppStore|iPhoneSimulator = AppStore|iPhoneSimulator
		AppStore|x64 = AppStore|x64
		AppStore|x86 = AppStore|x86
		Debug|Any CPU = Debug|Any CPU
		Debug|ARM = Debug|ARM
		Debug|iPhone = Debug|iPhone
		Debug|iPhoneSimulator = Debug|iPhoneSimulator
		Debug|x64 = Debug|x64
		Debug|x86 = Debug|x86
		Release|Any CPU = Release|Any CPU
		Release|ARM = Release|ARM
		Release|iPhone = Release|iPhone
		Release|iPhoneSimulator = Release|iPhoneSimulator
		Release|x64 = Release|x64
		Release|x86 = Release|x86
	EndGlobalSection
	GlobalSection(ProjectConfigurationPlatforms) = postSolution
		{77CB84EC-607C-40D0-8431-05DB0C22265B}.Ad-Hoc|Any CPU.ActiveCfg = Release|Any CPU
		{77CB84EC-607C-40D0-8431-05DB0C22265B}.Ad-Hoc|Any CPU.Build.0 = Release|Any CPU
		{77CB84EC-607C-40D0-8431-05DB0C22265B}.Ad-Hoc|ARM.ActiveCfg = Release|Any CPU
		{77CB84EC-607C-40D0-8431-05DB0C22265B}.Ad-Hoc|ARM.Build.0 = Release|Any CPU
		{77CB84EC-607C-40D0-8431-05DB0C22265B}.Ad-Hoc|iPhone.ActiveCfg = Release|Any CPU
		{77CB84EC-607C-40D0-8431-05DB0C22265B}.Ad-Hoc|iPhone.Build.0 = Release|Any CPU
		{77CB84EC-607C-40D0-8431-05DB0C22265B}.Ad-Hoc|iPhoneSimulator.ActiveCfg = Release|Any CPU
		{77CB84EC-607C-40D0-8431-05DB0C22265B}.Ad-Hoc|iPhoneSimulator.Build.0 = Release|Any CPU
		{77CB84EC-607C-40D0-8431-05DB0C22265B}.Ad-Hoc|x64.ActiveCfg = Release|Any CPU
		{77CB84EC-607C-40D0-8431-05DB0C22265B}.Ad-Hoc|x64.Build.0 = Release|Any CPU
		{77CB84EC-607C-40D0-8431-05DB0C22265B}.Ad-Hoc|x86.ActiveCfg = Release|Any CPU
		{77CB84EC-607C-40D0-8431-05DB0C22265B}.Ad-Hoc|x86.Build.0 = Release|Any CPU
		{77CB84EC-607C-40D0-8431-05DB0C22265B}.AppStore|Any CPU.ActiveCfg = Release|Any CPU
		{77CB84EC-607C-40D0-8431-05DB0C22265B}.AppStore|Any CPU.Build.0 = Release|Any CPU
		{77CB84EC-607C-40D0-8431-05DB0C22265B}.AppStore|ARM.ActiveCfg = Release|Any CPU
		{77CB84EC-607C-40D0-8431-05DB0C22265B}.AppStore|ARM.Build.0 = Release|Any CPU
		{77CB84EC-607C-40D0-8431-05DB0C22265B}.AppStore|iPhone.ActiveCfg = Release|Any CPU
		{77CB84EC-607C-40D0-8431-05DB0C22265B}.AppStore|iPhone.Build.0 = Release|Any CPU
		{77CB84EC-607C-40D0-8431-05DB0C22265B}.AppStore|iPhoneSimulator.ActiveCfg = Release|Any CPU
		{77CB84EC-607C-40D0-8431-05DB0C22265B}.AppStore|iPhoneSimulator.Build.0 = Release|Any CPU
		{77CB84EC-607C-40D0-8431-05DB0C22265B}.AppStore|x64.ActiveCfg = Release|Any CPU
		{77CB84EC-607C-40D0-8431-05DB0C22265B}.AppStore|x64.Build.0 = Release|Any CPU
		{77CB84EC-607C-40D0-8431-05DB0C22265B}.AppStore|x86.ActiveCfg = Release|Any CPU
		{77CB84EC-607C-40D0-8431-05DB0C22265B}.AppStore|x86.Build.0 = Release|Any CPU
		{77CB84EC-607C-40D0-8431-05DB0C22265B}.Debug|Any CPU.ActiveCfg = Debug|Any CPU
		{77CB84EC-607C-40D0-8431-05DB0C22265B}.Debug|Any CPU.Build.0 = Debug|Any CPU
		{77CB84EC-607C-40D0-8431-05DB0C22265B}.Debug|ARM.ActiveCfg = Debug|Any CPU
		{77CB84EC-607C-40D0-8431-05DB0C22265B}.Debug|ARM.Build.0 = Debug|Any CPU
		{77CB84EC-607C-40D0-8431-05DB0C22265B}.Debug|iPhone.ActiveCfg = Debug|Any CPU
		{77CB84EC-607C-40D0-8431-05DB0C22265B}.Debug|iPhone.Build.0 = Debug|Any CPU
		{77CB84EC-607C-40D0-8431-05DB0C22265B}.Debug|iPhoneSimulator.ActiveCfg = Debug|Any CPU
		{77CB84EC-607C-40D0-8431-05DB0C22265B}.Debug|iPhoneSimulator.Build.0 = Debug|Any CPU
		{77CB84EC-607C-40D0-8431-05DB0C22265B}.Debug|x64.ActiveCfg = Debug|Any CPU
		{77CB84EC-607C-40D0-8431-05DB0C22265B}.Debug|x64.Build.0 = Debug|Any CPU
		{77CB84EC-607C-40D0-8431-05DB0C22265B}.Debug|x86.ActiveCfg = Debug|Any CPU
		{77CB84EC-607C-40D0-8431-05DB0C22265B}.Debug|x86.Build.0 = Debug|Any CPU
		{77CB84EC-607C-40D0-8431-05DB0C22265B}.Release|Any CPU.ActiveCfg = Release|Any CPU
		{77CB84EC-607C-40D0-8431-05DB0C22265B}.Release|Any CPU.Build.0 = Release|Any CPU
		{77CB84EC-607C-40D0-8431-05DB0C22265B}.Release|ARM.ActiveCfg = Release|Any CPU
		{77CB84EC-607C-40D0-8431-05DB0C22265B}.Release|ARM.Build.0 = Release|Any CPU
		{77CB84EC-607C-40D0-8431-05DB0C22265B}.Release|iPhone.ActiveCfg = Release|Any CPU
		{77CB84EC-607C-40D0-8431-05DB0C22265B}.Release|iPhone.Build.0 = Release|Any CPU
		{77CB84EC-607C-40D0-8431-05DB0C22265B}.Release|iPhoneSimulator.ActiveCfg = Release|Any CPU
		{77CB84EC-607C-40D0-8431-05DB0C22265B}.Release|iPhoneSimulator.Build.0 = Release|Any CPU
		{77CB84EC-607C-40D0-8431-05DB0C22265B}.Release|x64.ActiveCfg = Release|Any CPU
		{77CB84EC-607C-40D0-8431-05DB0C22265B}.Release|x64.Build.0 = Release|Any CPU
		{77CB84EC-607C-40D0-8431-05DB0C22265B}.Release|x86.ActiveCfg = Release|Any CPU
		{77CB84EC-607C-40D0-8431-05DB0C22265B}.Release|x86.Build.0 = Release|Any CPU
		{5EAB4E17-A31F-4FA9-8985-80667B71C2C3}.Ad-Hoc|Any CPU.ActiveCfg = Release|Any CPU
		{5EAB4E17-A31F-4FA9-8985-80667B71C2C3}.Ad-Hoc|Any CPU.Build.0 = Release|Any CPU
		{5EAB4E17-A31F-4FA9-8985-80667B71C2C3}.Ad-Hoc|Any CPU.Deploy.0 = Release|Any CPU
		{5EAB4E17-A31F-4FA9-8985-80667B71C2C3}.Ad-Hoc|ARM.ActiveCfg = Release|Any CPU
		{5EAB4E17-A31F-4FA9-8985-80667B71C2C3}.Ad-Hoc|ARM.Build.0 = Release|Any CPU
		{5EAB4E17-A31F-4FA9-8985-80667B71C2C3}.Ad-Hoc|ARM.Deploy.0 = Release|Any CPU
		{5EAB4E17-A31F-4FA9-8985-80667B71C2C3}.Ad-Hoc|iPhone.ActiveCfg = Release|Any CPU
		{5EAB4E17-A31F-4FA9-8985-80667B71C2C3}.Ad-Hoc|iPhone.Build.0 = Release|Any CPU
		{5EAB4E17-A31F-4FA9-8985-80667B71C2C3}.Ad-Hoc|iPhone.Deploy.0 = Release|Any CPU
		{5EAB4E17-A31F-4FA9-8985-80667B71C2C3}.Ad-Hoc|iPhoneSimulator.ActiveCfg = Release|Any CPU
		{5EAB4E17-A31F-4FA9-8985-80667B71C2C3}.Ad-Hoc|iPhoneSimulator.Build.0 = Release|Any CPU
		{5EAB4E17-A31F-4FA9-8985-80667B71C2C3}.Ad-Hoc|iPhoneSimulator.Deploy.0 = Release|Any CPU
		{5EAB4E17-A31F-4FA9-8985-80667B71C2C3}.Ad-Hoc|x64.ActiveCfg = Release|Any CPU
		{5EAB4E17-A31F-4FA9-8985-80667B71C2C3}.Ad-Hoc|x64.Build.0 = Release|Any CPU
		{5EAB4E17-A31F-4FA9-8985-80667B71C2C3}.Ad-Hoc|x64.Deploy.0 = Release|Any CPU
		{5EAB4E17-A31F-4FA9-8985-80667B71C2C3}.Ad-Hoc|x86.ActiveCfg = Release|Any CPU
		{5EAB4E17-A31F-4FA9-8985-80667B71C2C3}.Ad-Hoc|x86.Build.0 = Release|Any CPU
		{5EAB4E17-A31F-4FA9-8985-80667B71C2C3}.Ad-Hoc|x86.Deploy.0 = Release|Any CPU
		{5EAB4E17-A31F-4FA9-8985-80667B71C2C3}.AppStore|Any CPU.ActiveCfg = Release|Any CPU
		{5EAB4E17-A31F-4FA9-8985-80667B71C2C3}.AppStore|Any CPU.Build.0 = Release|Any CPU
		{5EAB4E17-A31F-4FA9-8985-80667B71C2C3}.AppStore|Any CPU.Deploy.0 = Release|Any CPU
		{5EAB4E17-A31F-4FA9-8985-80667B71C2C3}.AppStore|ARM.ActiveCfg = Release|Any CPU
		{5EAB4E17-A31F-4FA9-8985-80667B71C2C3}.AppStore|ARM.Build.0 = Release|Any CPU
		{5EAB4E17-A31F-4FA9-8985-80667B71C2C3}.AppStore|ARM.Deploy.0 = Release|Any CPU
		{5EAB4E17-A31F-4FA9-8985-80667B71C2C3}.AppStore|iPhone.ActiveCfg = Release|Any CPU
		{5EAB4E17-A31F-4FA9-8985-80667B71C2C3}.AppStore|iPhone.Build.0 = Release|Any CPU
		{5EAB4E17-A31F-4FA9-8985-80667B71C2C3}.AppStore|iPhone.Deploy.0 = Release|Any CPU
		{5EAB4E17-A31F-4FA9-8985-80667B71C2C3}.AppStore|iPhoneSimulator.ActiveCfg = Release|Any CPU
		{5EAB4E17-A31F-4FA9-8985-80667B71C2C3}.AppStore|iPhoneSimulator.Build.0 = Release|Any CPU
		{5EAB4E17-A31F-4FA9-8985-80667B71C2C3}.AppStore|iPhoneSimulator.Deploy.0 = Release|Any CPU
		{5EAB4E17-A31F-4FA9-8985-80667B71C2C3}.AppStore|x64.ActiveCfg = Release|Any CPU
		{5EAB4E17-A31F-4FA9-8985-80667B71C2C3}.AppStore|x64.Build.0 = Release|Any CPU
		{5EAB4E17-A31F-4FA9-8985-80667B71C2C3}.AppStore|x64.Deploy.0 = Release|Any CPU
		{5EAB4E17-A31F-4FA9-8985-80667B71C2C3}.AppStore|x86.ActiveCfg = Release|Any CPU
		{5EAB4E17-A31F-4FA9-8985-80667B71C2C3}.AppStore|x86.Build.0 = Release|Any CPU
		{5EAB4E17-A31F-4FA9-8985-80667B71C2C3}.AppStore|x86.Deploy.0 = Release|Any CPU
		{5EAB4E17-A31F-4FA9-8985-80667B71C2C3}.Debug|Any CPU.ActiveCfg = Debug|Any CPU
		{5EAB4E17-A31F-4FA9-8985-80667B71C2C3}.Debug|Any CPU.Build.0 = Debug|Any CPU
		{5EAB4E17-A31F-4FA9-8985-80667B71C2C3}.Debug|Any CPU.Deploy.0 = Debug|Any CPU
		{5EAB4E17-A31F-4FA9-8985-80667B71C2C3}.Debug|ARM.ActiveCfg = Debug|Any CPU
		{5EAB4E17-A31F-4FA9-8985-80667B71C2C3}.Debug|ARM.Build.0 = Debug|Any CPU
		{5EAB4E17-A31F-4FA9-8985-80667B71C2C3}.Debug|ARM.Deploy.0 = Debug|Any CPU
		{5EAB4E17-A31F-4FA9-8985-80667B71C2C3}.Debug|iPhone.ActiveCfg = Debug|Any CPU
		{5EAB4E17-A31F-4FA9-8985-80667B71C2C3}.Debug|iPhone.Build.0 = Debug|Any CPU
		{5EAB4E17-A31F-4FA9-8985-80667B71C2C3}.Debug|iPhone.Deploy.0 = Debug|Any CPU
		{5EAB4E17-A31F-4FA9-8985-80667B71C2C3}.Debug|iPhoneSimulator.ActiveCfg = Debug|Any CPU
		{5EAB4E17-A31F-4FA9-8985-80667B71C2C3}.Debug|iPhoneSimulator.Build.0 = Debug|Any CPU
		{5EAB4E17-A31F-4FA9-8985-80667B71C2C3}.Debug|iPhoneSimulator.Deploy.0 = Debug|Any CPU
		{5EAB4E17-A31F-4FA9-8985-80667B71C2C3}.Debug|x64.ActiveCfg = Debug|Any CPU
		{5EAB4E17-A31F-4FA9-8985-80667B71C2C3}.Debug|x64.Build.0 = Debug|Any CPU
		{5EAB4E17-A31F-4FA9-8985-80667B71C2C3}.Debug|x64.Deploy.0 = Debug|Any CPU
		{5EAB4E17-A31F-4FA9-8985-80667B71C2C3}.Debug|x86.ActiveCfg = Debug|Any CPU
		{5EAB4E17-A31F-4FA9-8985-80667B71C2C3}.Debug|x86.Build.0 = Debug|Any CPU
		{5EAB4E17-A31F-4FA9-8985-80667B71C2C3}.Debug|x86.Deploy.0 = Debug|Any CPU
		{5EAB4E17-A31F-4FA9-8985-80667B71C2C3}.Release|Any CPU.ActiveCfg = Release|Any CPU
		{5EAB4E17-A31F-4FA9-8985-80667B71C2C3}.Release|Any CPU.Build.0 = Release|Any CPU
		{5EAB4E17-A31F-4FA9-8985-80667B71C2C3}.Release|Any CPU.Deploy.0 = Release|Any CPU
		{5EAB4E17-A31F-4FA9-8985-80667B71C2C3}.Release|ARM.ActiveCfg = Release|Any CPU
		{5EAB4E17-A31F-4FA9-8985-80667B71C2C3}.Release|ARM.Build.0 = Release|Any CPU
		{5EAB4E17-A31F-4FA9-8985-80667B71C2C3}.Release|ARM.Deploy.0 = Release|Any CPU
		{5EAB4E17-A31F-4FA9-8985-80667B71C2C3}.Release|iPhone.ActiveCfg = Release|Any CPU
		{5EAB4E17-A31F-4FA9-8985-80667B71C2C3}.Release|iPhone.Build.0 = Release|Any CPU
		{5EAB4E17-A31F-4FA9-8985-80667B71C2C3}.Release|iPhone.Deploy.0 = Release|Any CPU
		{5EAB4E17-A31F-4FA9-8985-80667B71C2C3}.Release|iPhoneSimulator.ActiveCfg = Release|Any CPU
		{5EAB4E17-A31F-4FA9-8985-80667B71C2C3}.Release|iPhoneSimulator.Build.0 = Release|Any CPU
		{5EAB4E17-A31F-4FA9-8985-80667B71C2C3}.Release|iPhoneSimulator.Deploy.0 = Release|Any CPU
		{5EAB4E17-A31F-4FA9-8985-80667B71C2C3}.Release|x64.ActiveCfg = Release|Any CPU
		{5EAB4E17-A31F-4FA9-8985-80667B71C2C3}.Release|x64.Build.0 = Release|Any CPU
		{5EAB4E17-A31F-4FA9-8985-80667B71C2C3}.Release|x64.Deploy.0 = Release|Any CPU
		{5EAB4E17-A31F-4FA9-8985-80667B71C2C3}.Release|x86.ActiveCfg = Release|Any CPU
		{5EAB4E17-A31F-4FA9-8985-80667B71C2C3}.Release|x86.Build.0 = Release|Any CPU
		{5EAB4E17-A31F-4FA9-8985-80667B71C2C3}.Release|x86.Deploy.0 = Release|Any CPU
		{6F8C5B64-B9E4-4A0D-8F77-5C6181AE2629}.Ad-Hoc|Any CPU.ActiveCfg = Release|Any CPU
		{6F8C5B64-B9E4-4A0D-8F77-5C6181AE2629}.Ad-Hoc|Any CPU.Build.0 = Release|Any CPU
		{6F8C5B64-B9E4-4A0D-8F77-5C6181AE2629}.Ad-Hoc|ARM.ActiveCfg = Release|Any CPU
		{6F8C5B64-B9E4-4A0D-8F77-5C6181AE2629}.Ad-Hoc|ARM.Build.0 = Release|Any CPU
		{6F8C5B64-B9E4-4A0D-8F77-5C6181AE2629}.Ad-Hoc|iPhone.ActiveCfg = Release|Any CPU
		{6F8C5B64-B9E4-4A0D-8F77-5C6181AE2629}.Ad-Hoc|iPhone.Build.0 = Release|Any CPU
		{6F8C5B64-B9E4-4A0D-8F77-5C6181AE2629}.Ad-Hoc|iPhoneSimulator.ActiveCfg = Release|Any CPU
		{6F8C5B64-B9E4-4A0D-8F77-5C6181AE2629}.Ad-Hoc|iPhoneSimulator.Build.0 = Release|Any CPU
		{6F8C5B64-B9E4-4A0D-8F77-5C6181AE2629}.Ad-Hoc|x64.ActiveCfg = Release|Any CPU
		{6F8C5B64-B9E4-4A0D-8F77-5C6181AE2629}.Ad-Hoc|x64.Build.0 = Release|Any CPU
		{6F8C5B64-B9E4-4A0D-8F77-5C6181AE2629}.Ad-Hoc|x86.ActiveCfg = Release|Any CPU
		{6F8C5B64-B9E4-4A0D-8F77-5C6181AE2629}.Ad-Hoc|x86.Build.0 = Release|Any CPU
		{6F8C5B64-B9E4-4A0D-8F77-5C6181AE2629}.AppStore|Any CPU.ActiveCfg = Release|Any CPU
		{6F8C5B64-B9E4-4A0D-8F77-5C6181AE2629}.AppStore|Any CPU.Build.0 = Release|Any CPU
		{6F8C5B64-B9E4-4A0D-8F77-5C6181AE2629}.AppStore|ARM.ActiveCfg = Release|Any CPU
		{6F8C5B64-B9E4-4A0D-8F77-5C6181AE2629}.AppStore|ARM.Build.0 = Release|Any CPU
		{6F8C5B64-B9E4-4A0D-8F77-5C6181AE2629}.AppStore|iPhone.ActiveCfg = Release|Any CPU
		{6F8C5B64-B9E4-4A0D-8F77-5C6181AE2629}.AppStore|iPhone.Build.0 = Release|Any CPU
		{6F8C5B64-B9E4-4A0D-8F77-5C6181AE2629}.AppStore|iPhoneSimulator.ActiveCfg = Release|Any CPU
		{6F8C5B64-B9E4-4A0D-8F77-5C6181AE2629}.AppStore|iPhoneSimulator.Build.0 = Release|Any CPU
		{6F8C5B64-B9E4-4A0D-8F77-5C6181AE2629}.AppStore|x64.ActiveCfg = Release|Any CPU
		{6F8C5B64-B9E4-4A0D-8F77-5C6181AE2629}.AppStore|x64.Build.0 = Release|Any CPU
		{6F8C5B64-B9E4-4A0D-8F77-5C6181AE2629}.AppStore|x86.ActiveCfg = Release|Any CPU
		{6F8C5B64-B9E4-4A0D-8F77-5C6181AE2629}.AppStore|x86.Build.0 = Release|Any CPU
		{6F8C5B64-B9E4-4A0D-8F77-5C6181AE2629}.Debug|Any CPU.ActiveCfg = Debug|Any CPU
		{6F8C5B64-B9E4-4A0D-8F77-5C6181AE2629}.Debug|Any CPU.Build.0 = Debug|Any CPU
		{6F8C5B64-B9E4-4A0D-8F77-5C6181AE2629}.Debug|ARM.ActiveCfg = Debug|Any CPU
		{6F8C5B64-B9E4-4A0D-8F77-5C6181AE2629}.Debug|ARM.Build.0 = Debug|Any CPU
		{6F8C5B64-B9E4-4A0D-8F77-5C6181AE2629}.Debug|iPhone.ActiveCfg = Debug|Any CPU
		{6F8C5B64-B9E4-4A0D-8F77-5C6181AE2629}.Debug|iPhone.Build.0 = Debug|Any CPU
		{6F8C5B64-B9E4-4A0D-8F77-5C6181AE2629}.Debug|iPhoneSimulator.ActiveCfg = Debug|Any CPU
		{6F8C5B64-B9E4-4A0D-8F77-5C6181AE2629}.Debug|iPhoneSimulator.Build.0 = Debug|Any CPU
		{6F8C5B64-B9E4-4A0D-8F77-5C6181AE2629}.Debug|x64.ActiveCfg = Debug|Any CPU
		{6F8C5B64-B9E4-4A0D-8F77-5C6181AE2629}.Debug|x64.Build.0 = Debug|Any CPU
		{6F8C5B64-B9E4-4A0D-8F77-5C6181AE2629}.Debug|x86.ActiveCfg = Debug|Any CPU
		{6F8C5B64-B9E4-4A0D-8F77-5C6181AE2629}.Debug|x86.Build.0 = Debug|Any CPU
		{6F8C5B64-B9E4-4A0D-8F77-5C6181AE2629}.Release|Any CPU.ActiveCfg = Release|Any CPU
		{6F8C5B64-B9E4-4A0D-8F77-5C6181AE2629}.Release|Any CPU.Build.0 = Release|Any CPU
		{6F8C5B64-B9E4-4A0D-8F77-5C6181AE2629}.Release|ARM.ActiveCfg = Release|Any CPU
		{6F8C5B64-B9E4-4A0D-8F77-5C6181AE2629}.Release|ARM.Build.0 = Release|Any CPU
		{6F8C5B64-B9E4-4A0D-8F77-5C6181AE2629}.Release|iPhone.ActiveCfg = Release|Any CPU
		{6F8C5B64-B9E4-4A0D-8F77-5C6181AE2629}.Release|iPhone.Build.0 = Release|Any CPU
		{6F8C5B64-B9E4-4A0D-8F77-5C6181AE2629}.Release|iPhoneSimulator.ActiveCfg = Release|Any CPU
		{6F8C5B64-B9E4-4A0D-8F77-5C6181AE2629}.Release|iPhoneSimulator.Build.0 = Release|Any CPU
		{6F8C5B64-B9E4-4A0D-8F77-5C6181AE2629}.Release|x64.ActiveCfg = Release|Any CPU
		{6F8C5B64-B9E4-4A0D-8F77-5C6181AE2629}.Release|x64.Build.0 = Release|Any CPU
		{6F8C5B64-B9E4-4A0D-8F77-5C6181AE2629}.Release|x86.ActiveCfg = Release|Any CPU
		{6F8C5B64-B9E4-4A0D-8F77-5C6181AE2629}.Release|x86.Build.0 = Release|Any CPU
		{4B848620-76D2-44E6-9D86-D5A5FFCD8531}.Ad-Hoc|Any CPU.ActiveCfg = Release|Any CPU
		{4B848620-76D2-44E6-9D86-D5A5FFCD8531}.Ad-Hoc|Any CPU.Build.0 = Release|Any CPU
		{4B848620-76D2-44E6-9D86-D5A5FFCD8531}.Ad-Hoc|ARM.ActiveCfg = Release|Any CPU
		{4B848620-76D2-44E6-9D86-D5A5FFCD8531}.Ad-Hoc|ARM.Build.0 = Release|Any CPU
		{4B848620-76D2-44E6-9D86-D5A5FFCD8531}.Ad-Hoc|iPhone.ActiveCfg = Release|Any CPU
		{4B848620-76D2-44E6-9D86-D5A5FFCD8531}.Ad-Hoc|iPhone.Build.0 = Release|Any CPU
		{4B848620-76D2-44E6-9D86-D5A5FFCD8531}.Ad-Hoc|iPhoneSimulator.ActiveCfg = Release|Any CPU
		{4B848620-76D2-44E6-9D86-D5A5FFCD8531}.Ad-Hoc|iPhoneSimulator.Build.0 = Release|Any CPU
		{4B848620-76D2-44E6-9D86-D5A5FFCD8531}.Ad-Hoc|x64.ActiveCfg = Release|Any CPU
		{4B848620-76D2-44E6-9D86-D5A5FFCD8531}.Ad-Hoc|x64.Build.0 = Release|Any CPU
		{4B848620-76D2-44E6-9D86-D5A5FFCD8531}.Ad-Hoc|x86.ActiveCfg = Release|Any CPU
		{4B848620-76D2-44E6-9D86-D5A5FFCD8531}.Ad-Hoc|x86.Build.0 = Release|Any CPU
		{4B848620-76D2-44E6-9D86-D5A5FFCD8531}.AppStore|Any CPU.ActiveCfg = Release|Any CPU
		{4B848620-76D2-44E6-9D86-D5A5FFCD8531}.AppStore|Any CPU.Build.0 = Release|Any CPU
		{4B848620-76D2-44E6-9D86-D5A5FFCD8531}.AppStore|ARM.ActiveCfg = Release|Any CPU
		{4B848620-76D2-44E6-9D86-D5A5FFCD8531}.AppStore|ARM.Build.0 = Release|Any CPU
		{4B848620-76D2-44E6-9D86-D5A5FFCD8531}.AppStore|iPhone.ActiveCfg = Release|Any CPU
		{4B848620-76D2-44E6-9D86-D5A5FFCD8531}.AppStore|iPhone.Build.0 = Release|Any CPU
		{4B848620-76D2-44E6-9D86-D5A5FFCD8531}.AppStore|iPhoneSimulator.ActiveCfg = Release|Any CPU
		{4B848620-76D2-44E6-9D86-D5A5FFCD8531}.AppStore|iPhoneSimulator.Build.0 = Release|Any CPU
		{4B848620-76D2-44E6-9D86-D5A5FFCD8531}.AppStore|x64.ActiveCfg = Release|Any CPU
		{4B848620-76D2-44E6-9D86-D5A5FFCD8531}.AppStore|x64.Build.0 = Release|Any CPU
		{4B848620-76D2-44E6-9D86-D5A5FFCD8531}.AppStore|x86.ActiveCfg = Release|Any CPU
		{4B848620-76D2-44E6-9D86-D5A5FFCD8531}.AppStore|x86.Build.0 = Release|Any CPU
		{4B848620-76D2-44E6-9D86-D5A5FFCD8531}.Debug|Any CPU.ActiveCfg = Debug|Any CPU
		{4B848620-76D2-44E6-9D86-D5A5FFCD8531}.Debug|Any CPU.Build.0 = Debug|Any CPU
		{4B848620-76D2-44E6-9D86-D5A5FFCD8531}.Debug|ARM.ActiveCfg = Debug|Any CPU
		{4B848620-76D2-44E6-9D86-D5A5FFCD8531}.Debug|ARM.Build.0 = Debug|Any CPU
		{4B848620-76D2-44E6-9D86-D5A5FFCD8531}.Debug|iPhone.ActiveCfg = Debug|Any CPU
		{4B848620-76D2-44E6-9D86-D5A5FFCD8531}.Debug|iPhone.Build.0 = Debug|Any CPU
		{4B848620-76D2-44E6-9D86-D5A5FFCD8531}.Debug|iPhoneSimulator.ActiveCfg = Debug|Any CPU
		{4B848620-76D2-44E6-9D86-D5A5FFCD8531}.Debug|iPhoneSimulator.Build.0 = Debug|Any CPU
		{4B848620-76D2-44E6-9D86-D5A5FFCD8531}.Debug|x64.ActiveCfg = Debug|Any CPU
		{4B848620-76D2-44E6-9D86-D5A5FFCD8531}.Debug|x64.Build.0 = Debug|Any CPU
		{4B848620-76D2-44E6-9D86-D5A5FFCD8531}.Debug|x86.ActiveCfg = Debug|Any CPU
		{4B848620-76D2-44E6-9D86-D5A5FFCD8531}.Debug|x86.Build.0 = Debug|Any CPU
		{4B848620-76D2-44E6-9D86-D5A5FFCD8531}.Release|Any CPU.ActiveCfg = Release|Any CPU
		{4B848620-76D2-44E6-9D86-D5A5FFCD8531}.Release|Any CPU.Build.0 = Release|Any CPU
		{4B848620-76D2-44E6-9D86-D5A5FFCD8531}.Release|ARM.ActiveCfg = Release|Any CPU
		{4B848620-76D2-44E6-9D86-D5A5FFCD8531}.Release|ARM.Build.0 = Release|Any CPU
		{4B848620-76D2-44E6-9D86-D5A5FFCD8531}.Release|iPhone.ActiveCfg = Release|Any CPU
		{4B848620-76D2-44E6-9D86-D5A5FFCD8531}.Release|iPhone.Build.0 = Release|Any CPU
		{4B848620-76D2-44E6-9D86-D5A5FFCD8531}.Release|iPhoneSimulator.ActiveCfg = Release|Any CPU
		{4B848620-76D2-44E6-9D86-D5A5FFCD8531}.Release|iPhoneSimulator.Build.0 = Release|Any CPU
		{4B848620-76D2-44E6-9D86-D5A5FFCD8531}.Release|x64.ActiveCfg = Release|Any CPU
		{4B848620-76D2-44E6-9D86-D5A5FFCD8531}.Release|x64.Build.0 = Release|Any CPU
		{4B848620-76D2-44E6-9D86-D5A5FFCD8531}.Release|x86.ActiveCfg = Release|Any CPU
		{4B848620-76D2-44E6-9D86-D5A5FFCD8531}.Release|x86.Build.0 = Release|Any CPU
		{046877F9-D619-4D4A-9A9E-19FEB8D8F1FA}.Ad-Hoc|Any CPU.ActiveCfg = Release|Any CPU
		{046877F9-D619-4D4A-9A9E-19FEB8D8F1FA}.Ad-Hoc|Any CPU.Build.0 = Release|Any CPU
		{046877F9-D619-4D4A-9A9E-19FEB8D8F1FA}.Ad-Hoc|ARM.ActiveCfg = Release|Any CPU
		{046877F9-D619-4D4A-9A9E-19FEB8D8F1FA}.Ad-Hoc|ARM.Build.0 = Release|Any CPU
		{046877F9-D619-4D4A-9A9E-19FEB8D8F1FA}.Ad-Hoc|iPhone.ActiveCfg = Release|Any CPU
		{046877F9-D619-4D4A-9A9E-19FEB8D8F1FA}.Ad-Hoc|iPhone.Build.0 = Release|Any CPU
		{046877F9-D619-4D4A-9A9E-19FEB8D8F1FA}.Ad-Hoc|iPhoneSimulator.ActiveCfg = Release|Any CPU
		{046877F9-D619-4D4A-9A9E-19FEB8D8F1FA}.Ad-Hoc|iPhoneSimulator.Build.0 = Release|Any CPU
		{046877F9-D619-4D4A-9A9E-19FEB8D8F1FA}.Ad-Hoc|x64.ActiveCfg = Release|Any CPU
		{046877F9-D619-4D4A-9A9E-19FEB8D8F1FA}.Ad-Hoc|x64.Build.0 = Release|Any CPU
		{046877F9-D619-4D4A-9A9E-19FEB8D8F1FA}.Ad-Hoc|x86.ActiveCfg = Release|Any CPU
		{046877F9-D619-4D4A-9A9E-19FEB8D8F1FA}.Ad-Hoc|x86.Build.0 = Release|Any CPU
		{046877F9-D619-4D4A-9A9E-19FEB8D8F1FA}.AppStore|Any CPU.ActiveCfg = Release|Any CPU
		{046877F9-D619-4D4A-9A9E-19FEB8D8F1FA}.AppStore|Any CPU.Build.0 = Release|Any CPU
		{046877F9-D619-4D4A-9A9E-19FEB8D8F1FA}.AppStore|ARM.ActiveCfg = Release|Any CPU
		{046877F9-D619-4D4A-9A9E-19FEB8D8F1FA}.AppStore|ARM.Build.0 = Release|Any CPU
		{046877F9-D619-4D4A-9A9E-19FEB8D8F1FA}.AppStore|iPhone.ActiveCfg = Release|Any CPU
		{046877F9-D619-4D4A-9A9E-19FEB8D8F1FA}.AppStore|iPhone.Build.0 = Release|Any CPU
		{046877F9-D619-4D4A-9A9E-19FEB8D8F1FA}.AppStore|iPhoneSimulator.ActiveCfg = Release|Any CPU
		{046877F9-D619-4D4A-9A9E-19FEB8D8F1FA}.AppStore|iPhoneSimulator.Build.0 = Release|Any CPU
		{046877F9-D619-4D4A-9A9E-19FEB8D8F1FA}.AppStore|x64.ActiveCfg = Release|Any CPU
		{046877F9-D619-4D4A-9A9E-19FEB8D8F1FA}.AppStore|x64.Build.0 = Release|Any CPU
		{046877F9-D619-4D4A-9A9E-19FEB8D8F1FA}.AppStore|x86.ActiveCfg = Release|Any CPU
		{046877F9-D619-4D4A-9A9E-19FEB8D8F1FA}.AppStore|x86.Build.0 = Release|Any CPU
		{046877F9-D619-4D4A-9A9E-19FEB8D8F1FA}.Debug|Any CPU.ActiveCfg = Debug|Any CPU
		{046877F9-D619-4D4A-9A9E-19FEB8D8F1FA}.Debug|Any CPU.Build.0 = Debug|Any CPU
		{046877F9-D619-4D4A-9A9E-19FEB8D8F1FA}.Debug|ARM.ActiveCfg = Debug|Any CPU
		{046877F9-D619-4D4A-9A9E-19FEB8D8F1FA}.Debug|ARM.Build.0 = Debug|Any CPU
		{046877F9-D619-4D4A-9A9E-19FEB8D8F1FA}.Debug|iPhone.ActiveCfg = Debug|Any CPU
		{046877F9-D619-4D4A-9A9E-19FEB8D8F1FA}.Debug|iPhone.Build.0 = Debug|Any CPU
		{046877F9-D619-4D4A-9A9E-19FEB8D8F1FA}.Debug|iPhoneSimulator.ActiveCfg = Debug|Any CPU
		{046877F9-D619-4D4A-9A9E-19FEB8D8F1FA}.Debug|iPhoneSimulator.Build.0 = Debug|Any CPU
		{046877F9-D619-4D4A-9A9E-19FEB8D8F1FA}.Debug|x64.ActiveCfg = Debug|Any CPU
		{046877F9-D619-4D4A-9A9E-19FEB8D8F1FA}.Debug|x64.Build.0 = Debug|Any CPU
		{046877F9-D619-4D4A-9A9E-19FEB8D8F1FA}.Debug|x86.ActiveCfg = Debug|Any CPU
		{046877F9-D619-4D4A-9A9E-19FEB8D8F1FA}.Debug|x86.Build.0 = Debug|Any CPU
		{046877F9-D619-4D4A-9A9E-19FEB8D8F1FA}.Release|Any CPU.ActiveCfg = Release|Any CPU
		{046877F9-D619-4D4A-9A9E-19FEB8D8F1FA}.Release|Any CPU.Build.0 = Release|Any CPU
		{046877F9-D619-4D4A-9A9E-19FEB8D8F1FA}.Release|ARM.ActiveCfg = Release|Any CPU
		{046877F9-D619-4D4A-9A9E-19FEB8D8F1FA}.Release|ARM.Build.0 = Release|Any CPU
		{046877F9-D619-4D4A-9A9E-19FEB8D8F1FA}.Release|iPhone.ActiveCfg = Release|Any CPU
		{046877F9-D619-4D4A-9A9E-19FEB8D8F1FA}.Release|iPhone.Build.0 = Release|Any CPU
		{046877F9-D619-4D4A-9A9E-19FEB8D8F1FA}.Release|iPhoneSimulator.ActiveCfg = Release|Any CPU
		{046877F9-D619-4D4A-9A9E-19FEB8D8F1FA}.Release|iPhoneSimulator.Build.0 = Release|Any CPU
		{046877F9-D619-4D4A-9A9E-19FEB8D8F1FA}.Release|x64.ActiveCfg = Release|Any CPU
		{046877F9-D619-4D4A-9A9E-19FEB8D8F1FA}.Release|x64.Build.0 = Release|Any CPU
		{046877F9-D619-4D4A-9A9E-19FEB8D8F1FA}.Release|x86.ActiveCfg = Release|Any CPU
		{046877F9-D619-4D4A-9A9E-19FEB8D8F1FA}.Release|x86.Build.0 = Release|Any CPU
	EndGlobalSection
	GlobalSection(SolutionProperties) = preSolution
		HideSolutionNode = FALSE
	EndGlobalSection
EndGlobal
